# THIS IS AN AUTOGENERATED FILE. DO NOT EDIT THIS FILE DIRECTLY.
# yarn lockfile v1


"@remix-run/router@1.15.3":
  version "1.15.3"
  resolved "https://registry.yarnpkg.com/@remix-run/router/-/router-1.15.3.tgz#d2509048d69dbb72d5389a14945339f1430b2d3c"
  integrity sha512-Oy8rmScVrVxWZVOpEF57ovlnhpZ8CCPlnIIumVcV9nFdiSIrus99+Lw78ekXyGvVDlIsFJbSfmSovJUhCWYV3w==

backbone@~1.1.0:
  version "1.1.2"
  resolved "https://registry.yarnpkg.com/backbone/-/backbone-1.1.2.tgz#c2c04c66bf87268fb82c177acebeff7d37ba6f2d"
  integrity sha512-bdiYFVF+mXQ3712Urje2uvYClLPXOd2jsvp8AHlPyMKqpHRPCmCxZf099kCRadhA2sMxp761XB2aZ0/HYF4fDg==
  dependencies:
    underscore ">=1.5.0"

expect.js@~0.2.0:
  version "0.2.0"
  resolved "https://registry.yarnpkg.com/expect.js/-/expect.js-0.2.0.tgz#1028533d2c1c363f74a6796ff57ec0520ded2be1"
  integrity sha512-Si9lyFUkFCY9nTSKocf/Im/knEJNHUgbEWCNpRqiM5J2w+0YPxalJo0aomfh4WxlQiZ6kG97cZlN2UhAVxPAsA==

react-router-dom@^6.22.3:
  version "6.22.3"
  resolved "https://registry.yarnpkg.com/react-router-dom/-/react-router-dom-6.22.3.tgz#9781415667fd1361a475146c5826d9f16752a691"
  integrity sha512-7ZILI7HjcE+p31oQvwbokjk6OA/bnFxrhJ19n82Ex9Ph8fNAq+Hm/7KchpMGlTgWhUxRHMMCut+vEtNpWpowKw==
  dependencies:
    "@remix-run/router" "1.15.3"
    react-router "6.22.3"

react-router@6.22.3:
  version "6.22.3"
  resolved "https://registry.yarnpkg.com/react-router/-/react-router-6.22.3.tgz#9d9142f35e08be08c736a2082db5f0c9540a885e"
  integrity sha512-dr2eb3Mj5zK2YISHK++foM9w4eBnO23eKnZEDs7c880P6oKbrjz/Svg9+nxqtHQK+oMW4OtjZca0RqPglXxguQ==
  dependencies:
    "@remix-run/router" "1.15.3"

react-router@^0.0.0-experimental-0f302655:
  version "0.0.0"
  resolved "https://registry.yarnpkg.com/react-router/-/react-router-0.0.0.tgz#fda55d2e72d4a684ff9719a5f3b1c1603012c9ee"
  integrity sha512-8huR4s244BniVy18wd3lBvKayKBWyBFVp2p0CPtvdMLR2/GouCWLn2ExrSNXoHZ/oA45ktylbk65+oqEZdzkcA==
  dependencies:
    backbone "~1.1.0"
    expect.js "~0.2.0"

underscore@>=1.5.0:
  version "1.13.6"
  resolved "https://registry.yarnpkg.com/underscore/-/underscore-1.13.6.tgz#04786a1f589dc6c09f761fc5f45b89e935136441"
  integrity sha512-+A5Sja4HP1M08MaXya7p5LvjuM7K6q/2EaC0+iovj/wOcMsTzMvDFbasi/oSapiwOlt252IqsKqPjCl7huKS0A==
